
Microsoft Visual Studio Solution File, Format Version 12.00
# Visual Studio Version 18
VisualStudioVersion = 18.0.11018.127
MinimumVisualStudioVersion = 10.0.40219.1
Project("{2150E333-8FDC-42A3-9474-1A3956D46DE8}") = "tests", "tests", "{0AB3BF05-4346-4AA6-1389-037BE0695223}"
EndProject
Project("{2150E333-8FDC-42A3-9474-1A3956D46DE8}") = "src", "src", "{827E0CD3-B72D-47B6-A68D-7590B98EB39B}"
EndProject
Project("{FAE04EC0-301F-11D3-BF4B-00C04F79EFBC}") = "Blazing.Extensions.DependencyInjection", "src\Blazing.Extensions.DependencyInjection\Blazing.Extensions.DependencyInjection.csproj", "{29DFFF7B-8D5A-4BAB-B737-6B9E1F113BCC}"
EndProject
Project("{2150E333-8FDC-42A3-9474-1A3956D46DE8}") = "samples", "samples", "{D1B4CF99-7947-DD6C-81D0-5B5B3989814C}"
EndProject
Project("{FAE04EC0-301F-11D3-BF4B-00C04F79EFBC}") = "UnitTests", "tests\UnitTests\UnitTests.csproj", "{228E8D26-E6F2-470C-9C13-D57D72F6153C}"
EndProject
Project("{2150E333-8FDC-42A3-9474-1A3956D46DE8}") = "libs", "libs", "{02EA681E-C7D8-13C7-8484-4AC65E1B71E8}"
EndProject
Project("{FAE04EC0-301F-11D3-BF4B-00C04F79EFBC}") = "Blazing.ToggleSwitch.Wpf", "src\libs\Blazing.ToggleSwitch.Wpf\Blazing.ToggleSwitch.Wpf.csproj", "{98AC4AF6-2BC1-680B-543C-DE84567C6C70}"
EndProject
Project("{2150E333-8FDC-42A3-9474-1A3956D46DE8}") = "Solution Items", "Solution Items", "{8EC462FD-D22E-90A8-E5CE-7E832BA40C5D}"
	ProjectSection(SolutionItems) = preProject
		cleanbuild.ps1 = cleanbuild.ps1
		CODE_OF_CONDUCT.md = CODE_OF_CONDUCT.md
		CONTRIBUTING.md = CONTRIBUTING.md
		Directory.Build.props = Directory.Build.props
		Directory.Packages.props = Directory.Packages.props
		HISTORY.md = HISTORY.md
		LICENSE = LICENSE
		README.md = README.md
	EndProjectSection
EndProject
Project("{FAE04EC0-301F-11D3-BF4B-00C04F79EFBC}") = "WpfExample", "src\samples\WpfExample\WpfExample.csproj", "{2A907B16-EB13-2A26-4788-E77665180A38}"
EndProject
Project("{FAE04EC0-301F-11D3-BF4B-00C04F79EFBC}") = "ConsoleExample", "src\samples\ConsoleExample\ConsoleExample.csproj", "{E6B2D06A-7407-C555-16CB-80FF205DA0D8}"
EndProject
Project("{FAE04EC0-301F-11D3-BF4B-00C04F79EFBC}") = "Blazing.ToggleSwitch.WinForms", "src\libs\Blazing.ToggleSwitch.WinForms\Blazing.ToggleSwitch.WinForms.csproj", "{377DCBB7-D827-BEBE-041A-F3B1E03DF757}"
EndProject
Project("{FAE04EC0-301F-11D3-BF4B-00C04F79EFBC}") = "WinFormsExample", "src\samples\WinFormsExample\WinFormsExample.csproj", "{2B59F9E3-0551-745E-EC01-829DC3CF1B8F}"
EndProject
Project("{FAE04EC0-301F-11D3-BF4B-00C04F79EFBC}") = "BlazorServerExample", "src\samples\BlazorServerExample\BlazorServerExample.csproj", "{E8A726C1-F940-22E5-F8BA-1E543C06C378}"
EndProject
Project("{FAE04EC0-301F-11D3-BF4B-00C04F79EFBC}") = "Blazing.ToggleSwitch.Blazor", "src\libs\Blazing.ToggleSwitch.Blazor\Blazing.ToggleSwitch.Blazor.csproj", "{A907FB81-DECA-DE54-C226-D9FFA6A78E00}"
EndProject
Project("{FAE04EC0-301F-11D3-BF4B-00C04F79EFBC}") = "MultiTenantExample.Shared", "src\samples\MultiTenantExample\Shared\MultiTenantExample.Shared.csproj", "{5CB7D6A0-6A9F-581C-6C6A-5145C0221444}"
EndProject
Project("{2150E333-8FDC-42A3-9474-1A3956D46DE8}") = "MultiTenant", "MultiTenant", "{43F2B06C-08A7-4B16-BEE5-5DE4F19AF639}"
	ProjectSection(SolutionItems) = preProject
		src\samples\MultiTenantExample\README.md = src\samples\MultiTenantExample\README.md
	EndProjectSection
EndProject
Project("{FAE04EC0-301F-11D3-BF4B-00C04F79EFBC}") = "MultiTenantExample.Server", "src\samples\MultiTenantExample\Server\MultiTenantExample.Server.csproj", "{47F70BF0-B84B-0B24-2813-9C9119FE64A5}"
EndProject
Project("{FAE04EC0-301F-11D3-BF4B-00C04F79EFBC}") = "MultiTenantExample.Client", "src\samples\MultiTenantExample\Client\MultiTenantExample.Client.csproj", "{D2FEFB81-B38E-80FC-3C97-7F466FAAD24D}"
EndProject
Global
	GlobalSection(SolutionConfigurationPlatforms) = preSolution
		Debug|Any CPU = Debug|Any CPU
		Debug|x64 = Debug|x64
		Debug|x86 = Debug|x86
		Release|Any CPU = Release|Any CPU
		Release|x64 = Release|x64
		Release|x86 = Release|x86
	EndGlobalSection
	GlobalSection(ProjectConfigurationPlatforms) = postSolution
		{29DFFF7B-8D5A-4BAB-B737-6B9E1F113BCC}.Debug|Any CPU.ActiveCfg = Debug|Any CPU
		{29DFFF7B-8D5A-4BAB-B737-6B9E1F113BCC}.Debug|Any CPU.Build.0 = Debug|Any CPU
		{29DFFF7B-8D5A-4BAB-B737-6B9E1F113BCC}.Debug|x64.ActiveCfg = Debug|Any CPU
		{29DFFF7B-8D5A-4BAB-B737-6B9E1F113BCC}.Debug|x64.Build.0 = Debug|Any CPU
		{29DFFF7B-8D5A-4BAB-B737-6B9E1F113BCC}.Debug|x86.ActiveCfg = Debug|Any CPU
		{29DFFF7B-8D5A-4BAB-B737-6B9E1F113BCC}.Debug|x86.Build.0 = Debug|Any CPU
		{29DFFF7B-8D5A-4BAB-B737-6B9E1F113BCC}.Release|Any CPU.ActiveCfg = Release|Any CPU
		{29DFFF7B-8D5A-4BAB-B737-6B9E1F113BCC}.Release|Any CPU.Build.0 = Release|Any CPU
		{29DFFF7B-8D5A-4BAB-B737-6B9E1F113BCC}.Release|x64.ActiveCfg = Release|Any CPU
		{29DFFF7B-8D5A-4BAB-B737-6B9E1F113BCC}.Release|x64.Build.0 = Release|Any CPU
		{29DFFF7B-8D5A-4BAB-B737-6B9E1F113BCC}.Release|x86.ActiveCfg = Release|Any CPU
		{29DFFF7B-8D5A-4BAB-B737-6B9E1F113BCC}.Release|x86.Build.0 = Release|Any CPU
		{228E8D26-E6F2-470C-9C13-D57D72F6153C}.Debug|Any CPU.ActiveCfg = Debug|Any CPU
		{228E8D26-E6F2-470C-9C13-D57D72F6153C}.Debug|Any CPU.Build.0 = Debug|Any CPU
		{228E8D26-E6F2-470C-9C13-D57D72F6153C}.Debug|x64.ActiveCfg = Debug|Any CPU
		{228E8D26-E6F2-470C-9C13-D57D72F6153C}.Debug|x64.Build.0 = Debug|Any CPU
		{228E8D26-E6F2-470C-9C13-D57D72F6153C}.Debug|x86.ActiveCfg = Debug|Any CPU
		{228E8D26-E6F2-470C-9C13-D57D72F6153C}.Debug|x86.Build.0 = Debug|Any CPU
		{228E8D26-E6F2-470C-9C13-D57D72F6153C}.Release|Any CPU.ActiveCfg = Release|Any CPU
		{228E8D26-E6F2-470C-9C13-D57D72F6153C}.Release|Any CPU.Build.0 = Release|Any CPU
		{228E8D26-E6F2-470C-9C13-D57D72F6153C}.Release|x64.ActiveCfg = Release|Any CPU
		{228E8D26-E6F2-470C-9C13-D57D72F6153C}.Release|x64.Build.0 = Release|Any CPU
		{228E8D26-E6F2-470C-9C13-D57D72F6153C}.Release|x86.ActiveCfg = Release|Any CPU
		{228E8D26-E6F2-470C-9C13-D57D72F6153C}.Release|x86.Build.0 = Release|Any CPU
		{98AC4AF6-2BC1-680B-543C-DE84567C6C70}.Debug|Any CPU.ActiveCfg = Debug|Any CPU
		{98AC4AF6-2BC1-680B-543C-DE84567C6C70}.Debug|Any CPU.Build.0 = Debug|Any CPU
		{98AC4AF6-2BC1-680B-543C-DE84567C6C70}.Debug|x64.ActiveCfg = Debug|Any CPU
		{98AC4AF6-2BC1-680B-543C-DE84567C6C70}.Debug|x64.Build.0 = Debug|Any CPU
		{98AC4AF6-2BC1-680B-543C-DE84567C6C70}.Debug|x86.ActiveCfg = Debug|Any CPU
		{98AC4AF6-2BC1-680B-543C-DE84567C6C70}.Debug|x86.Build.0 = Debug|Any CPU
		{98AC4AF6-2BC1-680B-543C-DE84567C6C70}.Release|Any CPU.ActiveCfg = Release|Any CPU
		{98AC4AF6-2BC1-680B-543C-DE84567C6C70}.Release|Any CPU.Build.0 = Release|Any CPU
		{98AC4AF6-2BC1-680B-543C-DE84567C6C70}.Release|x64.ActiveCfg = Release|Any CPU
		{98AC4AF6-2BC1-680B-543C-DE84567C6C70}.Release|x64.Build.0 = Release|Any CPU
		{98AC4AF6-2BC1-680B-543C-DE84567C6C70}.Release|x86.ActiveCfg = Release|Any CPU
		{98AC4AF6-2BC1-680B-543C-DE84567C6C70}.Release|x86.Build.0 = Release|Any CPU
		{2A907B16-EB13-2A26-4788-E77665180A38}.Debug|Any CPU.ActiveCfg = Debug|Any CPU
		{2A907B16-EB13-2A26-4788-E77665180A38}.Debug|Any CPU.Build.0 = Debug|Any CPU
		{2A907B16-EB13-2A26-4788-E77665180A38}.Debug|x64.ActiveCfg = Debug|Any CPU
		{2A907B16-EB13-2A26-4788-E77665180A38}.Debug|x64.Build.0 = Debug|Any CPU
		{2A907B16-EB13-2A26-4788-E77665180A38}.Debug|x86.ActiveCfg = Debug|Any CPU
		{2A907B16-EB13-2A26-4788-E77665180A38}.Debug|x86.Build.0 = Debug|Any CPU
		{2A907B16-EB13-2A26-4788-E77665180A38}.Release|Any CPU.ActiveCfg = Release|Any CPU
		{2A907B16-EB13-2A26-4788-E77665180A38}.Release|Any CPU.Build.0 = Release|Any CPU
		{2A907B16-EB13-2A26-4788-E77665180A38}.Release|x64.ActiveCfg = Release|Any CPU
		{2A907B16-EB13-2A26-4788-E77665180A38}.Release|x64.Build.0 = Release|Any CPU
		{2A907B16-EB13-2A26-4788-E77665180A38}.Release|x86.ActiveCfg = Release|Any CPU
		{2A907B16-EB13-2A26-4788-E77665180A38}.Release|x86.Build.0 = Release|Any CPU
		{E6B2D06A-7407-C555-16CB-80FF205DA0D8}.Debug|Any CPU.ActiveCfg = Debug|Any CPU
		{E6B2D06A-7407-C555-16CB-80FF205DA0D8}.Debug|Any CPU.Build.0 = Debug|Any CPU
		{E6B2D06A-7407-C555-16CB-80FF205DA0D8}.Debug|x64.ActiveCfg = Debug|Any CPU
		{E6B2D06A-7407-C555-16CB-80FF205DA0D8}.Debug|x64.Build.0 = Debug|Any CPU
		{E6B2D06A-7407-C555-16CB-80FF205DA0D8}.Debug|x86.ActiveCfg = Debug|Any CPU
		{E6B2D06A-7407-C555-16CB-80FF205DA0D8}.Debug|x86.Build.0 = Debug|Any CPU
		{E6B2D06A-7407-C555-16CB-80FF205DA0D8}.Release|Any CPU.ActiveCfg = Release|Any CPU
		{E6B2D06A-7407-C555-16CB-80FF205DA0D8}.Release|Any CPU.Build.0 = Release|Any CPU
		{E6B2D06A-7407-C555-16CB-80FF205DA0D8}.Release|x64.ActiveCfg = Release|Any CPU
		{E6B2D06A-7407-C555-16CB-80FF205DA0D8}.Release|x64.Build.0 = Release|Any CPU
		{E6B2D06A-7407-C555-16CB-80FF205DA0D8}.Release|x86.ActiveCfg = Release|Any CPU
		{E6B2D06A-7407-C555-16CB-80FF205DA0D8}.Release|x86.Build.0 = Release|Any CPU
		{377DCBB7-D827-BEBE-041A-F3B1E03DF757}.Debug|Any CPU.ActiveCfg = Debug|Any CPU
		{377DCBB7-D827-BEBE-041A-F3B1E03DF757}.Debug|Any CPU.Build.0 = Debug|Any CPU
		{377DCBB7-D827-BEBE-041A-F3B1E03DF757}.Debug|x64.ActiveCfg = Debug|Any CPU
		{377DCBB7-D827-BEBE-041A-F3B1E03DF757}.Debug|x64.Build.0 = Debug|Any CPU
		{377DCBB7-D827-BEBE-041A-F3B1E03DF757}.Debug|x86.ActiveCfg = Debug|Any CPU
		{377DCBB7-D827-BEBE-041A-F3B1E03DF757}.Debug|x86.Build.0 = Debug|Any CPU
		{377DCBB7-D827-BEBE-041A-F3B1E03DF757}.Release|Any CPU.ActiveCfg = Release|Any CPU
		{377DCBB7-D827-BEBE-041A-F3B1E03DF757}.Release|Any CPU.Build.0 = Release|Any CPU
		{377DCBB7-D827-BEBE-041A-F3B1E03DF757}.Release|x64.ActiveCfg = Release|Any CPU
		{377DCBB7-D827-BEBE-041A-F3B1E03DF757}.Release|x64.Build.0 = Release|Any CPU
		{377DCBB7-D827-BEBE-041A-F3B1E03DF757}.Release|x86.ActiveCfg = Release|Any CPU
		{377DCBB7-D827-BEBE-041A-F3B1E03DF757}.Release|x86.Build.0 = Release|Any CPU
		{2B59F9E3-0551-745E-EC01-829DC3CF1B8F}.Debug|Any CPU.ActiveCfg = Debug|Any CPU
		{2B59F9E3-0551-745E-EC01-829DC3CF1B8F}.Debug|Any CPU.Build.0 = Debug|Any CPU
		{2B59F9E3-0551-745E-EC01-829DC3CF1B8F}.Debug|x64.ActiveCfg = Debug|Any CPU
		{2B59F9E3-0551-745E-EC01-829DC3CF1B8F}.Debug|x64.Build.0 = Debug|Any CPU
		{2B59F9E3-0551-745E-EC01-829DC3CF1B8F}.Debug|x86.ActiveCfg = Debug|Any CPU
		{2B59F9E3-0551-745E-EC01-829DC3CF1B8F}.Debug|x86.Build.0 = Debug|Any CPU
		{2B59F9E3-0551-745E-EC01-829DC3CF1B8F}.Release|Any CPU.ActiveCfg = Release|Any CPU
		{2B59F9E3-0551-745E-EC01-829DC3CF1B8F}.Release|Any CPU.Build.0 = Release|Any CPU
		{2B59F9E3-0551-745E-EC01-829DC3CF1B8F}.Release|x64.ActiveCfg = Release|Any CPU
		{2B59F9E3-0551-745E-EC01-829DC3CF1B8F}.Release|x64.Build.0 = Release|Any CPU
		{2B59F9E3-0551-745E-EC01-829DC3CF1B8F}.Release|x86.ActiveCfg = Release|Any CPU
		{2B59F9E3-0551-745E-EC01-829DC3CF1B8F}.Release|x86.Build.0 = Release|Any CPU
		{E8A726C1-F940-22E5-F8BA-1E543C06C378}.Debug|Any CPU.ActiveCfg = Debug|Any CPU
		{E8A726C1-F940-22E5-F8BA-1E543C06C378}.Debug|Any CPU.Build.0 = Debug|Any CPU
		{E8A726C1-F940-22E5-F8BA-1E543C06C378}.Debug|x64.ActiveCfg = Debug|Any CPU
		{E8A726C1-F940-22E5-F8BA-1E543C06C378}.Debug|x64.Build.0 = Debug|Any CPU
		{E8A726C1-F940-22E5-F8BA-1E543C06C378}.Debug|x86.ActiveCfg = Debug|Any CPU
		{E8A726C1-F940-22E5-F8BA-1E543C06C378}.Debug|x86.Build.0 = Debug|Any CPU
		{E8A726C1-F940-22E5-F8BA-1E543C06C378}.Release|Any CPU.ActiveCfg = Release|Any CPU
		{E8A726C1-F940-22E5-F8BA-1E543C06C378}.Release|Any CPU.Build.0 = Release|Any CPU
		{E8A726C1-F940-22E5-F8BA-1E543C06C378}.Release|x64.ActiveCfg = Release|Any CPU
		{E8A726C1-F940-22E5-F8BA-1E543C06C378}.Release|x64.Build.0 = Release|Any CPU
		{E8A726C1-F940-22E5-F8BA-1E543C06C378}.Release|x86.ActiveCfg = Release|Any CPU
		{E8A726C1-F940-22E5-F8BA-1E543C06C378}.Release|x86.Build.0 = Release|Any CPU
		{A907FB81-DECA-DE54-C226-D9FFA6A78E00}.Debug|Any CPU.ActiveCfg = Debug|Any CPU
		{A907FB81-DECA-DE54-C226-D9FFA6A78E00}.Debug|Any CPU.Build.0 = Debug|Any CPU
		{A907FB81-DECA-DE54-C226-D9FFA6A78E00}.Debug|x64.ActiveCfg = Debug|Any CPU
		{A907FB81-DECA-DE54-C226-D9FFA6A78E00}.Debug|x64.Build.0 = Debug|Any CPU
		{A907FB81-DECA-DE54-C226-D9FFA6A78E00}.Debug|x86.ActiveCfg = Debug|Any CPU
		{A907FB81-DECA-DE54-C226-D9FFA6A78E00}.Debug|x86.Build.0 = Debug|Any CPU
		{A907FB81-DECA-DE54-C226-D9FFA6A78E00}.Release|Any CPU.ActiveCfg = Release|Any CPU
		{A907FB81-DECA-DE54-C226-D9FFA6A78E00}.Release|Any CPU.Build.0 = Release|Any CPU
		{A907FB81-DECA-DE54-C226-D9FFA6A78E00}.Release|x64.ActiveCfg = Release|Any CPU
		{A907FB81-DECA-DE54-C226-D9FFA6A78E00}.Release|x64.Build.0 = Release|Any CPU
		{A907FB81-DECA-DE54-C226-D9FFA6A78E00}.Release|x86.ActiveCfg = Release|Any CPU
		{A907FB81-DECA-DE54-C226-D9FFA6A78E00}.Release|x86.Build.0 = Release|Any CPU
		{5CB7D6A0-6A9F-581C-6C6A-5145C0221444}.Debug|Any CPU.ActiveCfg = Debug|Any CPU
		{5CB7D6A0-6A9F-581C-6C6A-5145C0221444}.Debug|Any CPU.Build.0 = Debug|Any CPU
		{5CB7D6A0-6A9F-581C-6C6A-5145C0221444}.Debug|x64.ActiveCfg = Debug|Any CPU
		{5CB7D6A0-6A9F-581C-6C6A-5145C0221444}.Debug|x64.Build.0 = Debug|Any CPU
		{5CB7D6A0-6A9F-581C-6C6A-5145C0221444}.Debug|x86.ActiveCfg = Debug|Any CPU
		{5CB7D6A0-6A9F-581C-6C6A-5145C0221444}.Debug|x86.Build.0 = Debug|Any CPU
		{5CB7D6A0-6A9F-581C-6C6A-5145C0221444}.Release|Any CPU.ActiveCfg = Release|Any CPU
		{5CB7D6A0-6A9F-581C-6C6A-5145C0221444}.Release|Any CPU.Build.0 = Release|Any CPU
		{5CB7D6A0-6A9F-581C-6C6A-5145C0221444}.Release|x64.ActiveCfg = Release|Any CPU
		{5CB7D6A0-6A9F-581C-6C6A-5145C0221444}.Release|x64.Build.0 = Release|Any CPU
		{5CB7D6A0-6A9F-581C-6C6A-5145C0221444}.Release|x86.ActiveCfg = Release|Any CPU
		{5CB7D6A0-6A9F-581C-6C6A-5145C0221444}.Release|x86.Build.0 = Release|Any CPU
		{47F70BF0-B84B-0B24-2813-9C9119FE64A5}.Debug|Any CPU.ActiveCfg = Debug|Any CPU
		{47F70BF0-B84B-0B24-2813-9C9119FE64A5}.Debug|Any CPU.Build.0 = Debug|Any CPU
		{47F70BF0-B84B-0B24-2813-9C9119FE64A5}.Debug|x64.ActiveCfg = Debug|Any CPU
		{47F70BF0-B84B-0B24-2813-9C9119FE64A5}.Debug|x64.Build.0 = Debug|Any CPU
		{47F70BF0-B84B-0B24-2813-9C9119FE64A5}.Debug|x86.ActiveCfg = Debug|Any CPU
		{47F70BF0-B84B-0B24-2813-9C9119FE64A5}.Debug|x86.Build.0 = Debug|Any CPU
		{47F70BF0-B84B-0B24-2813-9C9119FE64A5}.Release|Any CPU.ActiveCfg = Release|Any CPU
		{47F70BF0-B84B-0B24-2813-9C9119FE64A5}.Release|Any CPU.Build.0 = Release|Any CPU
		{47F70BF0-B84B-0B24-2813-9C9119FE64A5}.Release|x64.ActiveCfg = Release|Any CPU
		{47F70BF0-B84B-0B24-2813-9C9119FE64A5}.Release|x64.Build.0 = Release|Any CPU
		{47F70BF0-B84B-0B24-2813-9C9119FE64A5}.Release|x86.ActiveCfg = Release|Any CPU
		{47F70BF0-B84B-0B24-2813-9C9119FE64A5}.Release|x86.Build.0 = Release|Any CPU
		{D2FEFB81-B38E-80FC-3C97-7F466FAAD24D}.Debug|Any CPU.ActiveCfg = Debug|Any CPU
		{D2FEFB81-B38E-80FC-3C97-7F466FAAD24D}.Debug|Any CPU.Build.0 = Debug|Any CPU
		{D2FEFB81-B38E-80FC-3C97-7F466FAAD24D}.Debug|x64.ActiveCfg = Debug|Any CPU
		{D2FEFB81-B38E-80FC-3C97-7F466FAAD24D}.Debug|x64.Build.0 = Debug|Any CPU
		{D2FEFB81-B38E-80FC-3C97-7F466FAAD24D}.Debug|x86.ActiveCfg = Debug|Any CPU
		{D2FEFB81-B38E-80FC-3C97-7F466FAAD24D}.Debug|x86.Build.0 = Debug|Any CPU
		{D2FEFB81-B38E-80FC-3C97-7F466FAAD24D}.Release|Any CPU.ActiveCfg = Release|Any CPU
		{D2FEFB81-B38E-80FC-3C97-7F466FAAD24D}.Release|Any CPU.Build.0 = Release|Any CPU
		{D2FEFB81-B38E-80FC-3C97-7F466FAAD24D}.Release|x64.ActiveCfg = Release|Any CPU
		{D2FEFB81-B38E-80FC-3C97-7F466FAAD24D}.Release|x64.Build.0 = Release|Any CPU
		{D2FEFB81-B38E-80FC-3C97-7F466FAAD24D}.Release|x86.ActiveCfg = Release|Any CPU
		{D2FEFB81-B38E-80FC-3C97-7F466FAAD24D}.Release|x86.Build.0 = Release|Any CPU
	EndGlobalSection
	GlobalSection(SolutionProperties) = preSolution
		HideSolutionNode = FALSE
	EndGlobalSection
	GlobalSection(NestedProjects) = preSolution
		{29DFFF7B-8D5A-4BAB-B737-6B9E1F113BCC} = {827E0CD3-B72D-47B6-A68D-7590B98EB39B}
		{228E8D26-E6F2-470C-9C13-D57D72F6153C} = {0AB3BF05-4346-4AA6-1389-037BE0695223}
		{02EA681E-C7D8-13C7-8484-4AC65E1B71E8} = {D1B4CF99-7947-DD6C-81D0-5B5B3989814C}
		{98AC4AF6-2BC1-680B-543C-DE84567C6C70} = {02EA681E-C7D8-13C7-8484-4AC65E1B71E8}
		{2A907B16-EB13-2A26-4788-E77665180A38} = {D1B4CF99-7947-DD6C-81D0-5B5B3989814C}
		{E6B2D06A-7407-C555-16CB-80FF205DA0D8} = {D1B4CF99-7947-DD6C-81D0-5B5B3989814C}
		{377DCBB7-D827-BEBE-041A-F3B1E03DF757} = {02EA681E-C7D8-13C7-8484-4AC65E1B71E8}
		{2B59F9E3-0551-745E-EC01-829DC3CF1B8F} = {D1B4CF99-7947-DD6C-81D0-5B5B3989814C}
		{E8A726C1-F940-22E5-F8BA-1E543C06C378} = {D1B4CF99-7947-DD6C-81D0-5B5B3989814C}
		{A907FB81-DECA-DE54-C226-D9FFA6A78E00} = {02EA681E-C7D8-13C7-8484-4AC65E1B71E8}
		{5CB7D6A0-6A9F-581C-6C6A-5145C0221444} = {43F2B06C-08A7-4B16-BEE5-5DE4F19AF639}
		{43F2B06C-08A7-4B16-BEE5-5DE4F19AF639} = {D1B4CF99-7947-DD6C-81D0-5B5B3989814C}
		{47F70BF0-B84B-0B24-2813-9C9119FE64A5} = {43F2B06C-08A7-4B16-BEE5-5DE4F19AF639}
		{D2FEFB81-B38E-80FC-3C97-7F466FAAD24D} = {43F2B06C-08A7-4B16-BEE5-5DE4F19AF639}
	EndGlobalSection
	GlobalSection(ExtensibilityGlobals) = postSolution
		SolutionGuid = {D79F5621-11D8-45CC-BB22-2190C1F03E91}
	EndGlobalSection
EndGlobal
